// !$*UTF8*$!
{
	archiveVersion = 1;
	classes = {
	};
	objectVersion = 46;
	objects = {

/* Begin PBXBuildFile section */
		2351AB8D1ED3466800C09B1E /* TargetIndexComponent.swift in Sources */ = {isa = PBXBuildFile; fileRef = 2351AB8C1ED3466800C09B1E /* TargetIndexComponent.swift */; };
		2351AB8F1ED3477F00C09B1E /* MenuScene.sks in Resources */ = {isa = PBXBuildFile; fileRef = 2351AB8E1ED3477F00C09B1E /* MenuScene.sks */; };
		2375F9EE1EDC61C00083C954 /* BattleEndWin.sks in Resources */ = {isa = PBXBuildFile; fileRef = 2375F9ED1EDC61C00083C954 /* BattleEndWin.sks */; };
		2375F9F01EDC61DD0083C954 /* BattleEndLose.sks in Resources */ = {isa = PBXBuildFile; fileRef = 2375F9EF1EDC61DD0083C954 /* BattleEndLose.sks */; };
		2375F9F21EDC61EF0083C954 /* BattleEndDraw.sks in Resources */ = {isa = PBXBuildFile; fileRef = 2375F9F11EDC61EF0083C954 /* BattleEndDraw.sks */; };
		2375F9F41EE180160083C954 /* AIEnemy.swift in Sources */ = {isa = PBXBuildFile; fileRef = 2375F9F31EE180160083C954 /* AIEnemy.swift */; };
		2375F9F61EE180310083C954 /* AIEnemyStrategy.swift in Sources */ = {isa = PBXBuildFile; fileRef = 2375F9F51EE180310083C954 /* AIEnemyStrategy.swift */; };
		2375F9F81EE18E6D0083C954 /* Elf.json in Resources */ = {isa = PBXBuildFile; fileRef = 2375F9F71EE18E6D0083C954 /* Elf.json */; };
		2375F9FA1EE1910A0083C954 /* Priest.json in Resources */ = {isa = PBXBuildFile; fileRef = 2375F9F91EE1910A0083C954 /* Priest.json */; };
		2375F9FC1EE191290083C954 /* Satyr.json in Resources */ = {isa = PBXBuildFile; fileRef = 2375F9FB1EE191290083C954 /* Satyr.json */; };
		2375F9FE1EE192330083C954 /* Mummy.json in Resources */ = {isa = PBXBuildFile; fileRef = 2375F9FD1EE192330083C954 /* Mummy.json */; };
		2375FA011EE193A50083C954 /* Knight.json in Resources */ = {isa = PBXBuildFile; fileRef = 2375F9FF1EE193A50083C954 /* Knight.json */; };
		2375FA021EE193A50083C954 /* Wizard.json in Resources */ = {isa = PBXBuildFile; fileRef = 2375FA001EE193A50083C954 /* Wizard.json */; };
		67A40EA1AB40010B6E642C87 /* Pods_Battle_Arena.framework in Frameworks */ = {isa = PBXBuildFile; fileRef = D49FCB7EA7CF6F5F484680A3 /* Pods_Battle_Arena.framework */; };
		77947E9F1ED60BCE00DFD6F8 /* LifeBar.sks in Resources */ = {isa = PBXBuildFile; fileRef = 77947E9E1ED60BCE00DFD6F8 /* LifeBar.sks */; };
		77947EA11ED60F5700DFD6F8 /* LifeBar.swift in Sources */ = {isa = PBXBuildFile; fileRef = 77947EA01ED60F5700DFD6F8 /* LifeBar.swift */; };
		77A5DB691EC910EE00816306 /* battlearena.xcdatamodeld in Sources */ = {isa = PBXBuildFile; fileRef = 77A5DB671EC910EE00816306 /* battlearena.xcdatamodeld */; };
		77EE5B7E1EDD96F800B71217 /* CardLoader.swift in Sources */ = {isa = PBXBuildFile; fileRef = 77EE5B7D1EDD96F800B71217 /* CardLoader.swift */; };
		77EE5B811EDD97AF00B71217 /* Dwarf.json in Resources */ = {isa = PBXBuildFile; fileRef = 77EE5B801EDD97AF00B71217 /* Dwarf.json */; };
		77EE5B831EDD97B700B71217 /* Cyclope.json in Resources */ = {isa = PBXBuildFile; fileRef = 77EE5B821EDD97B700B71217 /* Cyclope.json */; };
		794840111EC09C7800239F64 /* ScenarioTiles.sks in Resources */ = {isa = PBXBuildFile; fileRef = 794840101EC09C7800239F64 /* ScenarioTiles.sks */; };
		7971C2E51EC9E6BB0030A9A9 /* SecundaryTower.swift in Sources */ = {isa = PBXBuildFile; fileRef = 7971C2E41EC9E6BB0030A9A9 /* SecundaryTower.swift */; };
		7971C2E71EC9E8A40030A9A9 /* PrimaryTower.swift in Sources */ = {isa = PBXBuildFile; fileRef = 7971C2E61EC9E8A40030A9A9 /* PrimaryTower.swift */; };
		798D5EF41EC5D7F3009EEA2E /* InfoCardComponent.swift in Sources */ = {isa = PBXBuildFile; fileRef = 798D5EF31EC5D7F3009EEA2E /* InfoCardComponent.swift */; };
		798D5EF61EC5D8ED009EEA2E /* SpriteComponent.swift in Sources */ = {isa = PBXBuildFile; fileRef = 798D5EF51EC5D8ED009EEA2E /* SpriteComponent.swift */; };
		798D5EF81EC5DCE9009EEA2E /* EntitiesManager.swift in Sources */ = {isa = PBXBuildFile; fileRef = 798D5EF71EC5DCE9009EEA2E /* EntitiesManager.swift */; };
		798D5EFC1EC5F9BD009EEA2E /* SplashScreenScene.sks in Resources */ = {isa = PBXBuildFile; fileRef = 798D5EFB1EC5F9BD009EEA2E /* SplashScreenScene.sks */; };
		798D5EFE1EC5FCF2009EEA2E /* SplashScreenScene.swift in Sources */ = {isa = PBXBuildFile; fileRef = 798D5EFD1EC5FCF2009EEA2E /* SplashScreenScene.swift */; };
		7996F5061EC20BF600044471 /* Card.swift in Sources */ = {isa = PBXBuildFile; fileRef = 7996F5051EC20BF600044471 /* Card.swift */; };
		7996F5081EC20C1900044471 /* CharacterCard.swift in Sources */ = {isa = PBXBuildFile; fileRef = 7996F5071EC20C1900044471 /* CharacterCard.swift */; };
		7996F50A1EC20C5900044471 /* ConstructionCard.swift in Sources */ = {isa = PBXBuildFile; fileRef = 7996F5091EC20C5900044471 /* ConstructionCard.swift */; };
		7996F50C1EC20C6800044471 /* MagicCard.swift in Sources */ = {isa = PBXBuildFile; fileRef = 7996F50B1EC20C6800044471 /* MagicCard.swift */; };
		7996F5101EC20D2100044471 /* HealthComponent.swift in Sources */ = {isa = PBXBuildFile; fileRef = 7996F50F1EC20D2100044471 /* HealthComponent.swift */; };
		7996F5121EC20D5700044471 /* MovementComponent.swift in Sources */ = {isa = PBXBuildFile; fileRef = 7996F5111EC20D5700044471 /* MovementComponent.swift */; };
		79AEAE091EDC4D5200B89420 /* Minecraftia-Regular.ttf in Resources */ = {isa = PBXBuildFile; fileRef = 79AEAE061EDC4C8400B89420 /* Minecraftia-Regular.ttf */; };
		79AEAE0A1EDC4D5200B89420 /* PressStart2P.ttf in Resources */ = {isa = PBXBuildFile; fileRef = 79AEAE081EDC4D1800B89420 /* PressStart2P.ttf */; };
		79AEAE0B1EDC4D5200B89420 /* Fipps-Regular.otf in Resources */ = {isa = PBXBuildFile; fileRef = 79AEAE071EDC4CE500B89420 /* Fipps-Regular.otf */; };
		79DE87B91EC0953900CAE28D /* AppDelegate.swift in Sources */ = {isa = PBXBuildFile; fileRef = 79DE87B81EC0953900CAE28D /* AppDelegate.swift */; };
		79DE87BB1EC0953900CAE28D /* BattleScene.sks in Resources */ = {isa = PBXBuildFile; fileRef = 79DE87BA1EC0953900CAE28D /* BattleScene.sks */; };
		79DE87BD1EC0953900CAE28D /* Actions.sks in Resources */ = {isa = PBXBuildFile; fileRef = 79DE87BC1EC0953900CAE28D /* Actions.sks */; };
		79DE87BF1EC0953900CAE28D /* BattleScene.swift in Sources */ = {isa = PBXBuildFile; fileRef = 79DE87BE1EC0953900CAE28D /* BattleScene.swift */; };
		79DE87C11EC0953900CAE28D /* GameViewController.swift in Sources */ = {isa = PBXBuildFile; fileRef = 79DE87C01EC0953900CAE28D /* GameViewController.swift */; };
		79DE87C41EC0953900CAE28D /* Main.storyboard in Resources */ = {isa = PBXBuildFile; fileRef = 79DE87C21EC0953900CAE28D /* Main.storyboard */; };
		79DE87C61EC0953900CAE28D /* Assets.xcassets in Resources */ = {isa = PBXBuildFile; fileRef = 79DE87C51EC0953900CAE28D /* Assets.xcassets */; };
		79DE87C91EC0953900CAE28D /* LaunchScreen.storyboard in Resources */ = {isa = PBXBuildFile; fileRef = 79DE87C71EC0953900CAE28D /* LaunchScreen.storyboard */; };
		79F4ED991EC49C55008BFEB8 /* AtackComponent.swift in Sources */ = {isa = PBXBuildFile; fileRef = 79F4ED981EC49C55008BFEB8 /* AtackComponent.swift */; };
		79F4ED9B1EC49C83008BFEB8 /* LevelCardComponent.swift in Sources */ = {isa = PBXBuildFile; fileRef = 79F4ED9A1EC49C83008BFEB8 /* LevelCardComponent.swift */; };
/* End PBXBuildFile section */

/* Begin PBXFileReference section */
		2351AB8C1ED3466800C09B1E /* TargetIndexComponent.swift */ = {isa = PBXFileReference; fileEncoding = 4; lastKnownFileType = sourcecode.swift; path = TargetIndexComponent.swift; sourceTree = "<group>"; };
		2351AB8E1ED3477F00C09B1E /* MenuScene.sks */ = {isa = PBXFileReference; lastKnownFileType = file.sks; path = MenuScene.sks; sourceTree = "<group>"; };
		2375F9ED1EDC61C00083C954 /* BattleEndWin.sks */ = {isa = PBXFileReference; lastKnownFileType = file.sks; path = BattleEndWin.sks; sourceTree = "<group>"; };
		2375F9EF1EDC61DD0083C954 /* BattleEndLose.sks */ = {isa = PBXFileReference; lastKnownFileType = file.sks; path = BattleEndLose.sks; sourceTree = "<group>"; };
		2375F9F11EDC61EF0083C954 /* BattleEndDraw.sks */ = {isa = PBXFileReference; lastKnownFileType = file.sks; path = BattleEndDraw.sks; sourceTree = "<group>"; };
		2375F9F31EE180160083C954 /* AIEnemy.swift */ = {isa = PBXFileReference; fileEncoding = 4; lastKnownFileType = sourcecode.swift; path = AIEnemy.swift; sourceTree = "<group>"; };
		2375F9F51EE180310083C954 /* AIEnemyStrategy.swift */ = {isa = PBXFileReference; fileEncoding = 4; lastKnownFileType = sourcecode.swift; path = AIEnemyStrategy.swift; sourceTree = "<group>"; };
		2375F9F71EE18E6D0083C954 /* Elf.json */ = {isa = PBXFileReference; fileEncoding = 4; lastKnownFileType = text.json; path = Elf.json; sourceTree = "<group>"; };
		2375F9F91EE1910A0083C954 /* Priest.json */ = {isa = PBXFileReference; fileEncoding = 4; lastKnownFileType = text.json; path = Priest.json; sourceTree = "<group>"; };
		2375F9FB1EE191290083C954 /* Satyr.json */ = {isa = PBXFileReference; fileEncoding = 4; lastKnownFileType = text.json; path = Satyr.json; sourceTree = "<group>"; };
		2375F9FD1EE192330083C954 /* Mummy.json */ = {isa = PBXFileReference; fileEncoding = 4; lastKnownFileType = text.json; path = Mummy.json; sourceTree = "<group>"; };
		2375F9FF1EE193A50083C954 /* Knight.json */ = {isa = PBXFileReference; fileEncoding = 4; lastKnownFileType = text.json; path = Knight.json; sourceTree = "<group>"; };
		2375FA001EE193A50083C954 /* Wizard.json */ = {isa = PBXFileReference; fileEncoding = 4; lastKnownFileType = text.json; path = Wizard.json; sourceTree = "<group>"; };
		77947E9E1ED60BCE00DFD6F8 /* LifeBar.sks */ = {isa = PBXFileReference; lastKnownFileType = file.sks; path = LifeBar.sks; sourceTree = "<group>"; };
		77947EA01ED60F5700DFD6F8 /* LifeBar.swift */ = {isa = PBXFileReference; fileEncoding = 4; lastKnownFileType = sourcecode.swift; path = LifeBar.swift; sourceTree = "<group>"; };
		77A15689AC2F3070A3646F73 /* Pods-Battle Arena.release.xcconfig */ = {isa = PBXFileReference; includeInIndex = 1; lastKnownFileType = text.xcconfig; name = "Pods-Battle Arena.release.xcconfig"; path = "Pods/Target Support Files/Pods-Battle Arena/Pods-Battle Arena.release.xcconfig"; sourceTree = "<group>"; };
		77A5DB681EC910EE00816306 /* battlearena.xcdatamodel */ = {isa = PBXFileReference; lastKnownFileType = wrapper.xcdatamodel; path = battlearena.xcdatamodel; sourceTree = "<group>"; };
		77EE5B7D1EDD96F800B71217 /* CardLoader.swift */ = {isa = PBXFileReference; fileEncoding = 4; lastKnownFileType = sourcecode.swift; path = CardLoader.swift; sourceTree = "<group>"; };
		77EE5B801EDD97AF00B71217 /* Dwarf.json */ = {isa = PBXFileReference; fileEncoding = 4; lastKnownFileType = text.json; path = Dwarf.json; sourceTree = "<group>"; };
		77EE5B821EDD97B700B71217 /* Cyclope.json */ = {isa = PBXFileReference; fileEncoding = 4; lastKnownFileType = text.json; path = Cyclope.json; sourceTree = "<group>"; };
		794840101EC09C7800239F64 /* ScenarioTiles.sks */ = {isa = PBXFileReference; lastKnownFileType = file.sks; path = ScenarioTiles.sks; sourceTree = "<group>"; };
		7971C2E41EC9E6BB0030A9A9 /* SecundaryTower.swift */ = {isa = PBXFileReference; fileEncoding = 4; lastKnownFileType = sourcecode.swift; path = SecundaryTower.swift; sourceTree = "<group>"; };
		7971C2E61EC9E8A40030A9A9 /* PrimaryTower.swift */ = {isa = PBXFileReference; fileEncoding = 4; lastKnownFileType = sourcecode.swift; path = PrimaryTower.swift; sourceTree = "<group>"; };
		798D5EF31EC5D7F3009EEA2E /* InfoCardComponent.swift */ = {isa = PBXFileReference; fileEncoding = 4; lastKnownFileType = sourcecode.swift; path = InfoCardComponent.swift; sourceTree = "<group>"; };
		798D5EF51EC5D8ED009EEA2E /* SpriteComponent.swift */ = {isa = PBXFileReference; fileEncoding = 4; lastKnownFileType = sourcecode.swift; path = SpriteComponent.swift; sourceTree = "<group>"; };
		798D5EF71EC5DCE9009EEA2E /* EntitiesManager.swift */ = {isa = PBXFileReference; fileEncoding = 4; lastKnownFileType = sourcecode.swift; path = EntitiesManager.swift; sourceTree = "<group>"; };
		798D5EFB1EC5F9BD009EEA2E /* SplashScreenScene.sks */ = {isa = PBXFileReference; lastKnownFileType = file.sks; path = SplashScreenScene.sks; sourceTree = "<group>"; };
		798D5EFD1EC5FCF2009EEA2E /* SplashScreenScene.swift */ = {isa = PBXFileReference; fileEncoding = 4; lastKnownFileType = sourcecode.swift; path = SplashScreenScene.swift; sourceTree = "<group>"; };
		7996F5051EC20BF600044471 /* Card.swift */ = {isa = PBXFileReference; fileEncoding = 4; lastKnownFileType = sourcecode.swift; path = Card.swift; sourceTree = "<group>"; };
		7996F5071EC20C1900044471 /* CharacterCard.swift */ = {isa = PBXFileReference; fileEncoding = 4; lastKnownFileType = sourcecode.swift; path = CharacterCard.swift; sourceTree = "<group>"; };
		7996F5091EC20C5900044471 /* ConstructionCard.swift */ = {isa = PBXFileReference; fileEncoding = 4; lastKnownFileType = sourcecode.swift; path = ConstructionCard.swift; sourceTree = "<group>"; };
		7996F50B1EC20C6800044471 /* MagicCard.swift */ = {isa = PBXFileReference; fileEncoding = 4; lastKnownFileType = sourcecode.swift; path = MagicCard.swift; sourceTree = "<group>"; };
		7996F50F1EC20D2100044471 /* HealthComponent.swift */ = {isa = PBXFileReference; fileEncoding = 4; lastKnownFileType = sourcecode.swift; path = HealthComponent.swift; sourceTree = "<group>"; };
		7996F5111EC20D5700044471 /* MovementComponent.swift */ = {isa = PBXFileReference; fileEncoding = 4; lastKnownFileType = sourcecode.swift; path = MovementComponent.swift; sourceTree = "<group>"; };
		79AEAE061EDC4C8400B89420 /* Minecraftia-Regular.ttf */ = {isa = PBXFileReference; lastKnownFileType = file; path = "Minecraftia-Regular.ttf"; sourceTree = "<group>"; };
		79AEAE071EDC4CE500B89420 /* Fipps-Regular.otf */ = {isa = PBXFileReference; lastKnownFileType = file; path = "Fipps-Regular.otf"; sourceTree = "<group>"; };
		79AEAE081EDC4D1800B89420 /* PressStart2P.ttf */ = {isa = PBXFileReference; lastKnownFileType = file; path = PressStart2P.ttf; sourceTree = "<group>"; };
		79DE87B51EC0953900CAE28D /* Battle Arena.app */ = {isa = PBXFileReference; explicitFileType = wrapper.application; includeInIndex = 0; path = "Battle Arena.app"; sourceTree = BUILT_PRODUCTS_DIR; };
		79DE87B81EC0953900CAE28D /* AppDelegate.swift */ = {isa = PBXFileReference; lastKnownFileType = sourcecode.swift; path = AppDelegate.swift; sourceTree = "<group>"; };
		79DE87BA1EC0953900CAE28D /* BattleScene.sks */ = {isa = PBXFileReference; lastKnownFileType = file.sks; path = BattleScene.sks; sourceTree = "<group>"; };
		79DE87BC1EC0953900CAE28D /* Actions.sks */ = {isa = PBXFileReference; lastKnownFileType = file.sks; path = Actions.sks; sourceTree = "<group>"; };
		79DE87BE1EC0953900CAE28D /* BattleScene.swift */ = {isa = PBXFileReference; lastKnownFileType = sourcecode.swift; path = BattleScene.swift; sourceTree = "<group>"; };
		79DE87C01EC0953900CAE28D /* GameViewController.swift */ = {isa = PBXFileReference; lastKnownFileType = sourcecode.swift; path = GameViewController.swift; sourceTree = "<group>"; };
		79DE87C31EC0953900CAE28D /* Base */ = {isa = PBXFileReference; lastKnownFileType = file.storyboard; name = Base; path = Base.lproj/Main.storyboard; sourceTree = "<group>"; };
		79DE87C51EC0953900CAE28D /* Assets.xcassets */ = {isa = PBXFileReference; lastKnownFileType = folder.assetcatalog; path = Assets.xcassets; sourceTree = "<group>"; };
		79DE87C81EC0953900CAE28D /* Base */ = {isa = PBXFileReference; lastKnownFileType = file.storyboard; name = Base; path = Base.lproj/LaunchScreen.storyboard; sourceTree = "<group>"; };
		79DE87CA1EC0953900CAE28D /* Info.plist */ = {isa = PBXFileReference; lastKnownFileType = text.plist.xml; path = Info.plist; sourceTree = "<group>"; };
		79F4ED981EC49C55008BFEB8 /* AtackComponent.swift */ = {isa = PBXFileReference; fileEncoding = 4; lastKnownFileType = sourcecode.swift; path = AtackComponent.swift; sourceTree = "<group>"; };
		79F4ED9A1EC49C83008BFEB8 /* LevelCardComponent.swift */ = {isa = PBXFileReference; fileEncoding = 4; lastKnownFileType = sourcecode.swift; path = LevelCardComponent.swift; sourceTree = "<group>"; };
		89A3B74134BC8BDDA1098E9F /* Pods-Battle Arena.debug.xcconfig */ = {isa = PBXFileReference; includeInIndex = 1; lastKnownFileType = text.xcconfig; name = "Pods-Battle Arena.debug.xcconfig"; path = "Pods/Target Support Files/Pods-Battle Arena/Pods-Battle Arena.debug.xcconfig"; sourceTree = "<group>"; };
		D49FCB7EA7CF6F5F484680A3 /* Pods_Battle_Arena.framework */ = {isa = PBXFileReference; explicitFileType = wrapper.framework; includeInIndex = 0; path = Pods_Battle_Arena.framework; sourceTree = BUILT_PRODUCTS_DIR; };
/* End PBXFileReference section */

/* Begin PBXFrameworksBuildPhase section */
		79DE87B21EC0953900CAE28D /* Frameworks */ = {
			isa = PBXFrameworksBuildPhase;
			buildActionMask = 2147483647;
			files = (
				67A40EA1AB40010B6E642C87 /* Pods_Battle_Arena.framework in Frameworks */,
			);
			runOnlyForDeploymentPostprocessing = 0;
		};
/* End PBXFrameworksBuildPhase section */

/* Begin PBXGroup section */
		5A3218199F892B82B9560382 /* Frameworks */ = {
			isa = PBXGroup;
			children = (
				D49FCB7EA7CF6F5F484680A3 /* Pods_Battle_Arena.framework */,
			);
			name = Frameworks;
			sourceTree = "<group>";
		};
		77EE5B7F1EDD972100B71217 /* Cards */ = {
			isa = PBXGroup;
			children = (
				77EE5B801EDD97AF00B71217 /* Dwarf.json */,
				77EE5B821EDD97B700B71217 /* Cyclope.json */,
				2375F9F71EE18E6D0083C954 /* Elf.json */,
				2375F9F91EE1910A0083C954 /* Priest.json */,
				2375F9FB1EE191290083C954 /* Satyr.json */,
				2375F9FD1EE192330083C954 /* Mummy.json */,
				2375F9FF1EE193A50083C954 /* Knight.json */,
				2375FA001EE193A50083C954 /* Wizard.json */,
			);
			name = Cards;
			sourceTree = "<group>";
		};
		7948400A1EC09A3000239F64 /* Scenes */ = {
			isa = PBXGroup;
			children = (
				79DE87BA1EC0953900CAE28D /* BattleScene.sks */,
				2351AB8E1ED3477F00C09B1E /* MenuScene.sks */,
				79DE87BE1EC0953900CAE28D /* BattleScene.swift */,
				798D5EFB1EC5F9BD009EEA2E /* SplashScreenScene.sks */,
				798D5EFD1EC5FCF2009EEA2E /* SplashScreenScene.swift */,
				77947E9E1ED60BCE00DFD6F8 /* LifeBar.sks */,
				2375F9ED1EDC61C00083C954 /* BattleEndWin.sks */,
				2375F9EF1EDC61DD0083C954 /* BattleEndLose.sks */,
				2375F9F11EDC61EF0083C954 /* BattleEndDraw.sks */,
			);
			name = Scenes;
			sourceTree = "<group>";
		};
		7948400B1EC09A5200239F64 /* Controllers */ = {
			isa = PBXGroup;
			children = (
				79DE87C01EC0953900CAE28D /* GameViewController.swift */,
			);
			name = Controllers;
			sourceTree = "<group>";
		};
		7948400C1EC09A7100239F64 /* Model */ = {
			isa = PBXGroup;
			children = (
				7948400E1EC09A9000239F64 /* Components */,
				7948400D1EC09A7D00239F64 /* Entities */,
				798D5EF71EC5DCE9009EEA2E /* EntitiesManager.swift */,
				77EE5B7D1EDD96F800B71217 /* CardLoader.swift */,
			);
			name = Model;
			path = ..;
			sourceTree = "<group>";
		};
		7948400D1EC09A7D00239F64 /* Entities */ = {
			isa = PBXGroup;
			children = (
				7996F5051EC20BF600044471 /* Card.swift */,
				7996F5071EC20C1900044471 /* CharacterCard.swift */,
				7996F50B1EC20C6800044471 /* MagicCard.swift */,
				7996F5091EC20C5900044471 /* ConstructionCard.swift */,
				7971C2E41EC9E6BB0030A9A9 /* SecundaryTower.swift */,
				7971C2E61EC9E8A40030A9A9 /* PrimaryTower.swift */,
				2375F9F31EE180160083C954 /* AIEnemy.swift */,
				2375F9F51EE180310083C954 /* AIEnemyStrategy.swift */,
			);
			name = Entities;
			sourceTree = "<group>";
		};
		7948400E1EC09A9000239F64 /* Components */ = {
			isa = PBXGroup;
			children = (
				7996F50F1EC20D2100044471 /* HealthComponent.swift */,
				7996F5111EC20D5700044471 /* MovementComponent.swift */,
				79F4ED981EC49C55008BFEB8 /* AtackComponent.swift */,
				79F4ED9A1EC49C83008BFEB8 /* LevelCardComponent.swift */,
				798D5EF31EC5D7F3009EEA2E /* InfoCardComponent.swift */,
				798D5EF51EC5D8ED009EEA2E /* SpriteComponent.swift */,
				2351AB8C1ED3466800C09B1E /* TargetIndexComponent.swift */,
				77947EA01ED60F5700DFD6F8 /* LifeBar.swift */,
			);
			name = Components;
			sourceTree = "<group>";
		};
		7948400F1EC09C4E00239F64 /* Tiles */ = {
			isa = PBXGroup;
			children = (
				794840101EC09C7800239F64 /* ScenarioTiles.sks */,
			);
			name = Tiles;
			sourceTree = "<group>";
		};
		79AEAE051EDC4BD800B89420 /* Fonts */ = {
			isa = PBXGroup;
			children = (
				79AEAE061EDC4C8400B89420 /* Minecraftia-Regular.ttf */,
				79AEAE081EDC4D1800B89420 /* PressStart2P.ttf */,
				79AEAE071EDC4CE500B89420 /* Fipps-Regular.otf */,
			);
			name = Fonts;
			sourceTree = "<group>";
		};
		79DE87AC1EC0953900CAE28D = {
			isa = PBXGroup;
			children = (
				79DE87B71EC0953900CAE28D /* Battle Arena */,
				79DE87B61EC0953900CAE28D /* Products */,
				F4730949996AC3943CC6E790 /* Pods */,
				5A3218199F892B82B9560382 /* Frameworks */,
			);
			sourceTree = "<group>";
		};
		79DE87B61EC0953900CAE28D /* Products */ = {
			isa = PBXGroup;
			children = (
				79DE87B51EC0953900CAE28D /* Battle Arena.app */,
			);
			name = Products;
			sourceTree = "<group>";
		};
		79DE87B71EC0953900CAE28D /* Battle Arena */ = {
			isa = PBXGroup;
			children = (
				77EE5B7F1EDD972100B71217 /* Cards */,
				79AEAE051EDC4BD800B89420 /* Fonts */,
				7948400C1EC09A7100239F64 /* Model */,
				79DE87B81EC0953900CAE28D /* AppDelegate.swift */,
				7948400A1EC09A3000239F64 /* Scenes */,
				79DE87BC1EC0953900CAE28D /* Actions.sks */,
				7948400F1EC09C4E00239F64 /* Tiles */,
				79DE87C21EC0953900CAE28D /* Main.storyboard */,
				7948400B1EC09A5200239F64 /* Controllers */,
				79DE87C51EC0953900CAE28D /* Assets.xcassets */,
				79DE87C71EC0953900CAE28D /* LaunchScreen.storyboard */,
				79DE87CA1EC0953900CAE28D /* Info.plist */,
				77A5DB671EC910EE00816306 /* battlearena.xcdatamodeld */,
			);
			path = "Battle Arena";
			sourceTree = "<group>";
		};
		F4730949996AC3943CC6E790 /* Pods */ = {
			isa = PBXGroup;
			children = (
				89A3B74134BC8BDDA1098E9F /* Pods-Battle Arena.debug.xcconfig */,
				77A15689AC2F3070A3646F73 /* Pods-Battle Arena.release.xcconfig */,
			);
			name = Pods;
			sourceTree = "<group>";
		};
/* End PBXGroup section */

/* Begin PBXNativeTarget section */
		79DE87B41EC0953900CAE28D /* Battle Arena */ = {
			isa = PBXNativeTarget;
			buildConfigurationList = 79DE87CD1EC0953900CAE28D /* Build configuration list for PBXNativeTarget "Battle Arena" */;
			buildPhases = (
				DDF180668EA8BBFBD7AB82C9 /* [CP] Check Pods Manifest.lock */,
				79DE87B11EC0953900CAE28D /* Sources */,
				79DE87B21EC0953900CAE28D /* Frameworks */,
				79DE87B31EC0953900CAE28D /* Resources */,
				22B6F4184A2765BBAAC07B14 /* [CP] Embed Pods Frameworks */,
				81EE4E7D9AC0DD7555301F7C /* [CP] Copy Pods Resources */,
			);
			buildRules = (
			);
			dependencies = (
			);
			name = "Battle Arena";
			productName = "Battle Arena";
			productReference = 79DE87B51EC0953900CAE28D /* Battle Arena.app */;
			productType = "com.apple.product-type.application";
		};
/* End PBXNativeTarget section */

/* Begin PBXProject section */
		79DE87AD1EC0953900CAE28D /* Project object */ = {
			isa = PBXProject;
			attributes = {
				LastSwiftUpdateCheck = 0830;
				LastUpgradeCheck = 0830;
				ORGANIZATIONNAME = "Iracema Studio";
				TargetAttributes = {
					79DE87B41EC0953900CAE28D = {
						CreatedOnToolsVersion = 8.3.1;
						DevelopmentTeam = BKWDS645Z7;
						ProvisioningStyle = Automatic;
					};
				};
			};
			buildConfigurationList = 79DE87B01EC0953900CAE28D /* Build configuration list for PBXProject "Battle Arena" */;
			compatibilityVersion = "Xcode 3.2";
			developmentRegion = English;
			hasScannedForEncodings = 0;
			knownRegions = (
				en,
				Base,
			);
			mainGroup = 79DE87AC1EC0953900CAE28D;
			productRefGroup = 79DE87B61EC0953900CAE28D /* Products */;
			projectDirPath = "";
			projectRoot = "";
			targets = (
				79DE87B41EC0953900CAE28D /* Battle Arena */,
			);
		};
/* End PBXProject section */

/* Begin PBXResourcesBuildPhase section */
		79DE87B31EC0953900CAE28D /* Resources */ = {
			isa = PBXResourcesBuildPhase;
			buildActionMask = 2147483647;
			files = (
				2375F9F01EDC61DD0083C954 /* BattleEndLose.sks in Resources */,
				2375F9EE1EDC61C00083C954 /* BattleEndWin.sks in Resources */,
				79AEAE091EDC4D5200B89420 /* Minecraftia-Regular.ttf in Resources */,
				2375F9FA1EE1910A0083C954 /* Priest.json in Resources */,
				77EE5B831EDD97B700B71217 /* Cyclope.json in Resources */,
				77EE5B811EDD97AF00B71217 /* Dwarf.json in Resources */,
				79AEAE0A1EDC4D5200B89420 /* PressStart2P.ttf in Resources */,
				79AEAE0B1EDC4D5200B89420 /* Fipps-Regular.otf in Resources */,
				79DE87C41EC0953900CAE28D /* Main.storyboard in Resources */,
				2375F9FE1EE192330083C954 /* Mummy.json in Resources */,
				2375FA011EE193A50083C954 /* Knight.json in Resources */,
				2375F9FC1EE191290083C954 /* Satyr.json in Resources */,
				79DE87BB1EC0953900CAE28D /* BattleScene.sks in Resources */,
				79DE87C61EC0953900CAE28D /* Assets.xcassets in Resources */,
				79DE87C91EC0953900CAE28D /* LaunchScreen.storyboard in Resources */,
				2375F9F81EE18E6D0083C954 /* Elf.json in Resources */,
				2375FA021EE193A50083C954 /* Wizard.json in Resources */,
				79DE87BD1EC0953900CAE28D /* Actions.sks in Resources */,
				794840111EC09C7800239F64 /* ScenarioTiles.sks in Resources */,
				798D5EFC1EC5F9BD009EEA2E /* SplashScreenScene.sks in Resources */,
				2375F9F21EDC61EF0083C954 /* BattleEndDraw.sks in Resources */,
				77947E9F1ED60BCE00DFD6F8 /* LifeBar.sks in Resources */,
				2351AB8F1ED3477F00C09B1E /* MenuScene.sks in Resources */,
			);
			runOnlyForDeploymentPostprocessing = 0;
		};
/* End PBXResourcesBuildPhase section */

/* Begin PBXShellScriptBuildPhase section */
		22B6F4184A2765BBAAC07B14 /* [CP] Embed Pods Frameworks */ = {
			isa = PBXShellScriptBuildPhase;
			buildActionMask = 2147483647;
			files = (
			);
			inputPaths = (
			);
			name = "[CP] Embed Pods Frameworks";
			outputPaths = (
			);
			runOnlyForDeploymentPostprocessing = 0;
			shellPath = /bin/sh;
			shellScript = "\"${SRCROOT}/Pods/Target Support Files/Pods-Battle Arena/Pods-Battle Arena-frameworks.sh\"\n";
			showEnvVarsInLog = 0;
		};
		81EE4E7D9AC0DD7555301F7C /* [CP] Copy Pods Resources */ = {
			isa = PBXShellScriptBuildPhase;
			buildActionMask = 2147483647;
			files = (
			);
			inputPaths = (
			);
			name = "[CP] Copy Pods Resources";
			outputPaths = (
			);
			runOnlyForDeploymentPostprocessing = 0;
			shellPath = /bin/sh;
			shellScript = "\"${SRCROOT}/Pods/Target Support Files/Pods-Battle Arena/Pods-Battle Arena-resources.sh\"\n";
			showEnvVarsInLog = 0;
		};
		DDF180668EA8BBFBD7AB82C9 /* [CP] Check Pods Manifest.lock */ = {
			isa = PBXShellScriptBuildPhase;
			buildActionMask = 2147483647;
			files = (
			);
			inputPaths = (
			);
			name = "[CP] Check Pods Manifest.lock";
			outputPaths = (
			);
			runOnlyForDeploymentPostprocessing = 0;
			shellPath = /bin/sh;
			shellScript = "diff \"${PODS_PODFILE_DIR_PATH}/Podfile.lock\" \"${PODS_ROOT}/Manifest.lock\" > /dev/null\nif [ $? != 0 ] ; then\n    # print error to STDERR\n    echo \"error: The sandbox is not in sync with the Podfile.lock. Run 'pod install' or update your CocoaPods installation.\" >&2\n    exit 1\nfi\n";
			showEnvVarsInLog = 0;
		};
/* End PBXShellScriptBuildPhase section */

/* Begin PBXSourcesBuildPhase section */
		79DE87B11EC0953900CAE28D /* Sources */ = {
			isa = PBXSourcesBuildPhase;
			buildActionMask = 2147483647;
			files = (
				7996F5121EC20D5700044471 /* MovementComponent.swift in Sources */,
				7996F50A1EC20C5900044471 /* ConstructionCard.swift in Sources */,
				798D5EF61EC5D8ED009EEA2E /* SpriteComponent.swift in Sources */,
				77EE5B7E1EDD96F800B71217 /* CardLoader.swift in Sources */,
				2375F9F61EE180310083C954 /* AIEnemyStrategy.swift in Sources */,
				77A5DB691EC910EE00816306 /* battlearena.xcdatamodeld in Sources */,
				79F4ED9B1EC49C83008BFEB8 /* LevelCardComponent.swift in Sources */,
				79F4ED991EC49C55008BFEB8 /* AtackComponent.swift in Sources */,
				7996F5081EC20C1900044471 /* CharacterCard.swift in Sources */,
				798D5EF81EC5DCE9009EEA2E /* EntitiesManager.swift in Sources */,
				7996F5101EC20D2100044471 /* HealthComponent.swift in Sources */,
				79DE87BF1EC0953900CAE28D /* BattleScene.swift in Sources */,
				79DE87C11EC0953900CAE28D /* GameViewController.swift in Sources */,
				2375F9F41EE180160083C954 /* AIEnemy.swift in Sources */,
				7971C2E71EC9E8A40030A9A9 /* PrimaryTower.swift in Sources */,
				2351AB8D1ED3466800C09B1E /* TargetIndexComponent.swift in Sources */,
				77947EA11ED60F5700DFD6F8 /* LifeBar.swift in Sources */,
				798D5EFE1EC5FCF2009EEA2E /* SplashScreenScene.swift in Sources */,
				79DE87B91EC0953900CAE28D /* AppDelegate.swift in Sources */,
				7971C2E51EC9E6BB0030A9A9 /* SecundaryTower.swift in Sources */,
				7996F50C1EC20C6800044471 /* MagicCard.swift in Sources */,
				798D5EF41EC5D7F3009EEA2E /* InfoCardComponent.swift in Sources */,
				7996F5061EC20BF600044471 /* Card.swift in Sources */,
			);
			runOnlyForDeploymentPostprocessing = 0;
		};
/* End PBXSourcesBuildPhase section */

/* Begin PBXVariantGroup section */
		79DE87C21EC0953900CAE28D /* Main.storyboard */ = {
			isa = PBXVariantGroup;
			children = (
				79DE87C31EC0953900CAE28D /* Base */,
			);
			name = Main.storyboard;
			sourceTree = "<group>";
		};
		79DE87C71EC0953900CAE28D /* LaunchScreen.storyboard */ = {
			isa = PBXVariantGroup;
			children = (
				79DE87C81EC0953900CAE28D /* Base */,
			);
			name = LaunchScreen.storyboard;
			sourceTree = "<group>";
		};
/* End PBXVariantGroup section */

/* Begin XCBuildConfiguration section */
		79DE87CB1EC0953900CAE28D /* Debug */ = {
			isa = XCBuildConfiguration;
			buildSettings = {
				ALWAYS_SEARCH_USER_PATHS = NO;
				CLANG_ANALYZER_NONNULL = YES;
				CLANG_ANALYZER_NUMBER_OBJECT_CONVERSION = YES_AGGRESSIVE;
				CLANG_CXX_LANGUAGE_STANDARD = "gnu++0x";
				CLANG_CXX_LIBRARY = "libc++";
				CLANG_ENABLE_MODULES = YES;
				CLANG_ENABLE_OBJC_ARC = YES;
				CLANG_WARN_BOOL_CONVERSION = YES;
				CLANG_WARN_CONSTANT_CONVERSION = YES;
				CLANG_WARN_DIRECT_OBJC_ISA_USAGE = YES_ERROR;
				CLANG_WARN_DOCUMENTATION_COMMENTS = YES;
				CLANG_WARN_EMPTY_BODY = YES;
				CLANG_WARN_ENUM_CONVERSION = YES;
				CLANG_WARN_INFINITE_RECURSION = YES;
				CLANG_WARN_INT_CONVERSION = YES;
				CLANG_WARN_OBJC_ROOT_CLASS = YES_ERROR;
				CLANG_WARN_SUSPICIOUS_MOVE = YES;
				CLANG_WARN_UNREACHABLE_CODE = YES;
				CLANG_WARN__DUPLICATE_METHOD_MATCH = YES;
				"CODE_SIGN_IDENTITY[sdk=iphoneos*]" = "iPhone Developer";
				COPY_PHASE_STRIP = NO;
				DEBUG_INFORMATION_FORMAT = dwarf;
				ENABLE_STRICT_OBJC_MSGSEND = YES;
				ENABLE_TESTABILITY = YES;
				GCC_C_LANGUAGE_STANDARD = gnu99;
				GCC_DYNAMIC_NO_PIC = NO;
				GCC_NO_COMMON_BLOCKS = YES;
				GCC_OPTIMIZATION_LEVEL = 0;
				GCC_PREPROCESSOR_DEFINITIONS = (
					"DEBUG=1",
					"$(inherited)",
				);
				GCC_WARN_64_TO_32_BIT_CONVERSION = YES;
				GCC_WARN_ABOUT_RETURN_TYPE = YES_ERROR;
				GCC_WARN_UNDECLARED_SELECTOR = YES;
				GCC_WARN_UNINITIALIZED_AUTOS = YES_AGGRESSIVE;
				GCC_WARN_UNUSED_FUNCTION = YES;
				GCC_WARN_UNUSED_VARIABLE = YES;
				IPHONEOS_DEPLOYMENT_TARGET = 10.3;
				MTL_ENABLE_DEBUG_INFO = YES;
				ONLY_ACTIVE_ARCH = YES;
				SDKROOT = iphoneos;
				SWIFT_ACTIVE_COMPILATION_CONDITIONS = DEBUG;
				SWIFT_OPTIMIZATION_LEVEL = "-Onone";
				TARGETED_DEVICE_FAMILY = "1,2";
			};
			name = Debug;
		};
		79DE87CC1EC0953900CAE28D /* Release */ = {
			isa = XCBuildConfiguration;
			buildSettings = {
				ALWAYS_SEARCH_USER_PATHS = NO;
				CLANG_ANALYZER_NONNULL = YES;
				CLANG_ANALYZER_NUMBER_OBJECT_CONVERSION = YES_AGGRESSIVE;
				CLANG_CXX_LANGUAGE_STANDARD = "gnu++0x";
				CLANG_CXX_LIBRARY = "libc++";
				CLANG_ENABLE_MODULES = YES;
				CLANG_ENABLE_OBJC_ARC = YES;
				CLANG_WARN_BOOL_CONVERSION = YES;
				CLANG_WARN_CONSTANT_CONVERSION = YES;
				CLANG_WARN_DIRECT_OBJC_ISA_USAGE = YES_ERROR;
				CLANG_WARN_DOCUMENTATION_COMMENTS = YES;
				CLANG_WARN_EMPTY_BODY = YES;
				CLANG_WARN_ENUM_CONVERSION = YES;
				CLANG_WARN_INFINITE_RECURSION = YES;
				CLANG_WARN_INT_CONVERSION = YES;
				CLANG_WARN_OBJC_ROOT_CLASS = YES_ERROR;
				CLANG_WARN_SUSPICIOUS_MOVE = YES;
				CLANG_WARN_UNREACHABLE_CODE = YES;
				CLANG_WARN__DUPLICATE_METHOD_MATCH = YES;
				"CODE_SIGN_IDENTITY[sdk=iphoneos*]" = "iPhone Developer";
				COPY_PHASE_STRIP = NO;
				DEBUG_INFORMATION_FORMAT = "dwarf-with-dsym";
				ENABLE_NS_ASSERTIONS = NO;
				ENABLE_STRICT_OBJC_MSGSEND = YES;
				GCC_C_LANGUAGE_STANDARD = gnu99;
				GCC_NO_COMMON_BLOCKS = YES;
				GCC_WARN_64_TO_32_BIT_CONVERSION = YES;
				GCC_WARN_ABOUT_RETURN_TYPE = YES_ERROR;
				GCC_WARN_UNDECLARED_SELECTOR = YES;
				GCC_WARN_UNINITIALIZED_AUTOS = YES_AGGRESSIVE;
				GCC_WARN_UNUSED_FUNCTION = YES;
				GCC_WARN_UNUSED_VARIABLE = YES;
				IPHONEOS_DEPLOYMENT_TARGET = 10.3;
				MTL_ENABLE_DEBUG_INFO = NO;
				SDKROOT = iphoneos;
				SWIFT_OPTIMIZATION_LEVEL = "-Owholemodule";
				TARGETED_DEVICE_FAMILY = "1,2";
				VALIDATE_PRODUCT = YES;
			};
			name = Release;
		};
		79DE87CE1EC0953900CAE28D /* Debug */ = {
			isa = XCBuildConfiguration;
			baseConfigurationReference = 89A3B74134BC8BDDA1098E9F /* Pods-Battle Arena.debug.xcconfig */;
			buildSettings = {
				ASSETCATALOG_COMPILER_APPICON_NAME = AppIcon;
				DEVELOPMENT_TEAM = BKWDS645Z7;
				INFOPLIST_FILE = "Battle Arena/Info.plist";
				IPHONEOS_DEPLOYMENT_TARGET = 10.3;
				LD_RUNPATH_SEARCH_PATHS = "$(inherited) @executable_path/Frameworks";
				PRODUCT_BUNDLE_IDENTIFIER = "Iracema.Battle-Arena";
				PRODUCT_NAME = "$(TARGET_NAME)";
				SWIFT_VERSION = 3.0;
			};
			name = Debug;
		};
		79DE87CF1EC0953900CAE28D /* Release */ = {
			isa = XCBuildConfiguration;
			baseConfigurationReference = 77A15689AC2F3070A3646F73 /* Pods-Battle Arena.release.xcconfig */;
			buildSettings = {
				ASSETCATALOG_COMPILER_APPICON_NAME = AppIcon;
				DEVELOPMENT_TEAM = BKWDS645Z7;
				INFOPLIST_FILE = "Battle Arena/Info.plist";
				IPHONEOS_DEPLOYMENT_TARGET = 10.3;
				LD_RUNPATH_SEARCH_PATHS = "$(inherited) @executable_path/Frameworks";
				PRODUCT_BUNDLE_IDENTIFIER = "Iracema.Battle-Arena";
				PRODUCT_NAME = "$(TARGET_NAME)";
				SWIFT_VERSION = 3.0;
			};
			name = Release;
		};
/* End XCBuildConfiguration section */

/* Begin XCConfigurationList section */
		79DE87B01EC0953900CAE28D /* Build configuration list for PBXProject "Battle Arena" */ = {
			isa = XCConfigurationList;
			buildConfigurations = (
				79DE87CB1EC0953900CAE28D /* Debug */,
				79DE87CC1EC0953900CAE28D /* Release */,
			);
			defaultConfigurationIsVisible = 0;
			defaultConfigurationName = Release;
		};
		79DE87CD1EC0953900CAE28D /* Build configuration list for PBXNativeTarget "Battle Arena" */ = {
			isa = XCConfigurationList;
			buildConfigurations = (
				79DE87CE1EC0953900CAE28D /* Debug */,
				79DE87CF1EC0953900CAE28D /* Release */,
			);
			defaultConfigurationIsVisible = 0;
			defaultConfigurationName = Release;
		};
/* End XCConfigurationList section */

/* Begin XCVersionGroup section */
		77A5DB671EC910EE00816306 /* battlearena.xcdatamodeld */ = {
			isa = XCVersionGroup;
			children = (
				77A5DB681EC910EE00816306 /* battlearena.xcdatamodel */,
			);
			currentVersion = 77A5DB681EC910EE00816306 /* battlearena.xcdatamodel */;
			path = battlearena.xcdatamodeld;
			sourceTree = "<group>";
			versionGroupType = wrapper.xcdatamodel;
		};
/* End XCVersionGroup section */
	};
	rootObject = 79DE87AD1EC0953900CAE28D /* Project object */;
}
